
Microsoft Visual Studio Solution File, Format Version 12.00
# Visual Studio Version 16
VisualStudioVersion = 16.0.29905.134
MinimumVisualStudioVersion = 10.0.40219.1
Project("{8BC9CEB8-8B4A-11D0-8D11-00A0C91BC942}") = "Chapter6_5", "Chapter6_5.vcxproj", "{42B60E77-8331-4794-BF10-7C8CD8E51C7D}"
EndProject
Global
	GlobalSection(SolutionConfigurationPlatforms) = preSolution
		Debug|x64 = Debug|x64
		Debug|x86 = Debug|x86
		Release|x64 = Release|x64
		Release|x86 = Release|x86
	EndGlobalSection
	GlobalSection(ProjectConfigurationPlatforms) = postSolution
		{42B60E77-8331-4794-BF10-7C8CD8E51C7D}.Debug|x64.ActiveCfg = Debug|x64
		{42B60E77-8331-4794-BF10-7C8CD8E51C7D}.Debug|x64.Build.0 = Debug|x64
		{42B60E77-8331-4794-BF10-7C8CD8E51C7D}.Debug|x86.ActiveCfg = Debug|Win32
		{42B60E77-8331-4794-BF10-7C8CD8E51C7D}.Debug|x86.Build.0 = Debug|Win32
		{42B60E77-8331-4794-BF10-7C8CD8E51C7D}.Release|x64.ActiveCfg = Release|x64
		{42B60E77-8331-4794-BF10-7C8CD8E51C7D}.Release|x64.Build.0 = Release|x64
		{42B60E77-8331-4794-BF10-7C8CD8E51C7D}.Release|x86.ActiveCfg = Release|Win32
		{42B60E77-8331-4794-BF10-7C8CD8E51C7D}.Release|x86.Build.0 = Release|Win32
	EndGlobalSection
	GlobalSection(SolutionProperties) = preSolution
		HideSolutionNode = FALSE
	EndGlobalSection
	GlobalSection(ExtensibilityGlobals) = postSolution
		SolutionGuid = {35957E4E-4EF7-40E4-B71B-E00F3A0BE0EA}
	EndGlobalSection
EndGlobal
