
Microsoft Visual Studio Solution File, Format Version 12.00
# Visual Studio Version 16
VisualStudioVersion = 16.0.29905.134
MinimumVisualStudioVersion = 10.0.40219.1
Project("{8BC9CEB8-8B4A-11D0-8D11-00A0C91BC942}") = "Chapter14_6", "Chapter14_6.vcxproj", "{D86B6BC8-3634-49B7-8161-ED7173916754}"
EndProject
Global
	GlobalSection(SolutionConfigurationPlatforms) = preSolution
		Debug|x64 = Debug|x64
		Debug|x86 = Debug|x86
		Release|x64 = Release|x64
		Release|x86 = Release|x86
	EndGlobalSection
	GlobalSection(ProjectConfigurationPlatforms) = postSolution
		{D86B6BC8-3634-49B7-8161-ED7173916754}.Debug|x64.ActiveCfg = Debug|x64
		{D86B6BC8-3634-49B7-8161-ED7173916754}.Debug|x64.Build.0 = Debug|x64
		{D86B6BC8-3634-49B7-8161-ED7173916754}.Debug|x86.ActiveCfg = Debug|Win32
		{D86B6BC8-3634-49B7-8161-ED7173916754}.Debug|x86.Build.0 = Debug|Win32
		{D86B6BC8-3634-49B7-8161-ED7173916754}.Release|x64.ActiveCfg = Release|x64
		{D86B6BC8-3634-49B7-8161-ED7173916754}.Release|x64.Build.0 = Release|x64
		{D86B6BC8-3634-49B7-8161-ED7173916754}.Release|x86.ActiveCfg = Release|Win32
		{D86B6BC8-3634-49B7-8161-ED7173916754}.Release|x86.Build.0 = Release|Win32
	EndGlobalSection
	GlobalSection(SolutionProperties) = preSolution
		HideSolutionNode = FALSE
	EndGlobalSection
	GlobalSection(ExtensibilityGlobals) = postSolution
		SolutionGuid = {71765AD7-CADA-473C-AF4B-4E686CDC1232}
	EndGlobalSection
EndGlobal
