
Microsoft Visual Studio Solution File, Format Version 12.00
# Visual Studio Version 16
VisualStudioVersion = 16.0.29905.134
MinimumVisualStudioVersion = 10.0.40219.1
Project("{8BC9CEB8-8B4A-11D0-8D11-00A0C91BC942}") = "Chapter12_8", "Chapter12_8.vcxproj", "{CD16AE7D-F724-449A-BAC9-8B16D9EF6E63}"
EndProject
Global
	GlobalSection(SolutionConfigurationPlatforms) = preSolution
		Debug|x64 = Debug|x64
		Debug|x86 = Debug|x86
		Release|x64 = Release|x64
		Release|x86 = Release|x86
	EndGlobalSection
	GlobalSection(ProjectConfigurationPlatforms) = postSolution
		{CD16AE7D-F724-449A-BAC9-8B16D9EF6E63}.Debug|x64.ActiveCfg = Debug|x64
		{CD16AE7D-F724-449A-BAC9-8B16D9EF6E63}.Debug|x64.Build.0 = Debug|x64
		{CD16AE7D-F724-449A-BAC9-8B16D9EF6E63}.Debug|x86.ActiveCfg = Debug|Win32
		{CD16AE7D-F724-449A-BAC9-8B16D9EF6E63}.Debug|x86.Build.0 = Debug|Win32
		{CD16AE7D-F724-449A-BAC9-8B16D9EF6E63}.Release|x64.ActiveCfg = Release|x64
		{CD16AE7D-F724-449A-BAC9-8B16D9EF6E63}.Release|x64.Build.0 = Release|x64
		{CD16AE7D-F724-449A-BAC9-8B16D9EF6E63}.Release|x86.ActiveCfg = Release|Win32
		{CD16AE7D-F724-449A-BAC9-8B16D9EF6E63}.Release|x86.Build.0 = Release|Win32
	EndGlobalSection
	GlobalSection(SolutionProperties) = preSolution
		HideSolutionNode = FALSE
	EndGlobalSection
	GlobalSection(ExtensibilityGlobals) = postSolution
		SolutionGuid = {115C2CE2-88A8-4A90-929F-0EB1CB871538}
	EndGlobalSection
EndGlobal
