
Microsoft Visual Studio Solution File, Format Version 12.00
# Visual Studio Version 16
VisualStudioVersion = 16.0.29905.134
MinimumVisualStudioVersion = 10.0.40219.1
Project("{8BC9CEB8-8B4A-11D0-8D11-00A0C91BC942}") = "Chapter2_7", "Chapter2_7.vcxproj", "{E02B217B-57C8-4DF6-AF87-AB9A80670B22}"
EndProject
Global
	GlobalSection(SolutionConfigurationPlatforms) = preSolution
		Debug|x64 = Debug|x64
		Debug|x86 = Debug|x86
		Release|x64 = Release|x64
		Release|x86 = Release|x86
	EndGlobalSection
	GlobalSection(ProjectConfigurationPlatforms) = postSolution
		{E02B217B-57C8-4DF6-AF87-AB9A80670B22}.Debug|x64.ActiveCfg = Debug|x64
		{E02B217B-57C8-4DF6-AF87-AB9A80670B22}.Debug|x64.Build.0 = Debug|x64
		{E02B217B-57C8-4DF6-AF87-AB9A80670B22}.Debug|x86.ActiveCfg = Debug|Win32
		{E02B217B-57C8-4DF6-AF87-AB9A80670B22}.Debug|x86.Build.0 = Debug|Win32
		{E02B217B-57C8-4DF6-AF87-AB9A80670B22}.Release|x64.ActiveCfg = Release|x64
		{E02B217B-57C8-4DF6-AF87-AB9A80670B22}.Release|x64.Build.0 = Release|x64
		{E02B217B-57C8-4DF6-AF87-AB9A80670B22}.Release|x86.ActiveCfg = Release|Win32
		{E02B217B-57C8-4DF6-AF87-AB9A80670B22}.Release|x86.Build.0 = Release|Win32
	EndGlobalSection
	GlobalSection(SolutionProperties) = preSolution
		HideSolutionNode = FALSE
	EndGlobalSection
	GlobalSection(ExtensibilityGlobals) = postSolution
		SolutionGuid = {E74C0FD5-0C61-4472-B08A-DCF7A03C342B}
	EndGlobalSection
EndGlobal
