
Microsoft Visual Studio Solution File, Format Version 12.00
# Visual Studio Version 16
VisualStudioVersion = 16.0.29905.134
MinimumVisualStudioVersion = 10.0.40219.1
Project("{8BC9CEB8-8B4A-11D0-8D11-00A0C91BC942}") = "Chapter6_12", "Chapter6_12.vcxproj", "{3011CC51-81CC-4BA0-A763-8446DDA11758}"
EndProject
Global
	GlobalSection(SolutionConfigurationPlatforms) = preSolution
		Debug|x64 = Debug|x64
		Debug|x86 = Debug|x86
		Release|x64 = Release|x64
		Release|x86 = Release|x86
	EndGlobalSection
	GlobalSection(ProjectConfigurationPlatforms) = postSolution
		{3011CC51-81CC-4BA0-A763-8446DDA11758}.Debug|x64.ActiveCfg = Debug|x64
		{3011CC51-81CC-4BA0-A763-8446DDA11758}.Debug|x64.Build.0 = Debug|x64
		{3011CC51-81CC-4BA0-A763-8446DDA11758}.Debug|x86.ActiveCfg = Debug|Win32
		{3011CC51-81CC-4BA0-A763-8446DDA11758}.Debug|x86.Build.0 = Debug|Win32
		{3011CC51-81CC-4BA0-A763-8446DDA11758}.Release|x64.ActiveCfg = Release|x64
		{3011CC51-81CC-4BA0-A763-8446DDA11758}.Release|x64.Build.0 = Release|x64
		{3011CC51-81CC-4BA0-A763-8446DDA11758}.Release|x86.ActiveCfg = Release|Win32
		{3011CC51-81CC-4BA0-A763-8446DDA11758}.Release|x86.Build.0 = Release|Win32
	EndGlobalSection
	GlobalSection(SolutionProperties) = preSolution
		HideSolutionNode = FALSE
	EndGlobalSection
	GlobalSection(ExtensibilityGlobals) = postSolution
		SolutionGuid = {7A1267E9-B83A-4CBB-9581-FA3B50B88F83}
	EndGlobalSection
EndGlobal
