
Microsoft Visual Studio Solution File, Format Version 12.00
# Visual Studio Version 16
VisualStudioVersion = 16.0.29905.134
MinimumVisualStudioVersion = 10.0.40219.1
Project("{8BC9CEB8-8B4A-11D0-8D11-00A0C91BC942}") = "Chapter6_11", "Chapter6_11.vcxproj", "{1F50DB84-A4D2-4713-B6B0-870A9FA8BBD7}"
EndProject
Global
	GlobalSection(SolutionConfigurationPlatforms) = preSolution
		Debug|x64 = Debug|x64
		Debug|x86 = Debug|x86
		Release|x64 = Release|x64
		Release|x86 = Release|x86
	EndGlobalSection
	GlobalSection(ProjectConfigurationPlatforms) = postSolution
		{1F50DB84-A4D2-4713-B6B0-870A9FA8BBD7}.Debug|x64.ActiveCfg = Debug|x64
		{1F50DB84-A4D2-4713-B6B0-870A9FA8BBD7}.Debug|x64.Build.0 = Debug|x64
		{1F50DB84-A4D2-4713-B6B0-870A9FA8BBD7}.Debug|x86.ActiveCfg = Debug|Win32
		{1F50DB84-A4D2-4713-B6B0-870A9FA8BBD7}.Debug|x86.Build.0 = Debug|Win32
		{1F50DB84-A4D2-4713-B6B0-870A9FA8BBD7}.Release|x64.ActiveCfg = Release|x64
		{1F50DB84-A4D2-4713-B6B0-870A9FA8BBD7}.Release|x64.Build.0 = Release|x64
		{1F50DB84-A4D2-4713-B6B0-870A9FA8BBD7}.Release|x86.ActiveCfg = Release|Win32
		{1F50DB84-A4D2-4713-B6B0-870A9FA8BBD7}.Release|x86.Build.0 = Release|Win32
	EndGlobalSection
	GlobalSection(SolutionProperties) = preSolution
		HideSolutionNode = FALSE
	EndGlobalSection
	GlobalSection(ExtensibilityGlobals) = postSolution
		SolutionGuid = {0E0AD2E6-7566-4C78-A575-549414FF5C0B}
	EndGlobalSection
EndGlobal
