
Microsoft Visual Studio Solution File, Format Version 12.00
# Visual Studio Version 16
VisualStudioVersion = 16.0.30320.27
MinimumVisualStudioVersion = 10.0.40219.1
Project("{8BC9CEB8-8B4A-11D0-8D11-00A0C91BC942}") = "BS4_ALL", "BS4_ALL.vcxproj", "{F3B5D744-5547-44AE-9B34-F3F2AF2E759F}"
EndProject
Global
	GlobalSection(SolutionConfigurationPlatforms) = preSolution
		Debug|x64 = Debug|x64
		Debug|x86 = Debug|x86
		Release|x64 = Release|x64
		Release|x86 = Release|x86
	EndGlobalSection
	GlobalSection(ProjectConfigurationPlatforms) = postSolution
		{F3B5D744-5547-44AE-9B34-F3F2AF2E759F}.Debug|x64.ActiveCfg = Debug|x64
		{F3B5D744-5547-44AE-9B34-F3F2AF2E759F}.Debug|x64.Build.0 = Debug|x64
		{F3B5D744-5547-44AE-9B34-F3F2AF2E759F}.Debug|x86.ActiveCfg = Debug|Win32
		{F3B5D744-5547-44AE-9B34-F3F2AF2E759F}.Debug|x86.Build.0 = Debug|Win32
		{F3B5D744-5547-44AE-9B34-F3F2AF2E759F}.Release|x64.ActiveCfg = Release|x64
		{F3B5D744-5547-44AE-9B34-F3F2AF2E759F}.Release|x64.Build.0 = Release|x64
		{F3B5D744-5547-44AE-9B34-F3F2AF2E759F}.Release|x86.ActiveCfg = Release|Win32
		{F3B5D744-5547-44AE-9B34-F3F2AF2E759F}.Release|x86.Build.0 = Release|Win32
	EndGlobalSection
	GlobalSection(SolutionProperties) = preSolution
		HideSolutionNode = FALSE
	EndGlobalSection
	GlobalSection(ExtensibilityGlobals) = postSolution
		SolutionGuid = {F1DE88BB-D4D1-4BE2-A7C2-DF42BABCEC8E}
	EndGlobalSection
EndGlobal
