
Microsoft Visual Studio Solution File, Format Version 12.00
# Visual Studio Version 16
VisualStudioVersion = 16.0.29905.134
MinimumVisualStudioVersion = 10.0.40219.1
Project("{8BC9CEB8-8B4A-11D0-8D11-00A0C91BC942}") = "Chapter2_10", "Chapter2_10.vcxproj", "{169D17ED-EC14-425C-A4B8-FA76A34639EB}"
EndProject
Global
	GlobalSection(SolutionConfigurationPlatforms) = preSolution
		Debug|x64 = Debug|x64
		Debug|x86 = Debug|x86
		Release|x64 = Release|x64
		Release|x86 = Release|x86
	EndGlobalSection
	GlobalSection(ProjectConfigurationPlatforms) = postSolution
		{169D17ED-EC14-425C-A4B8-FA76A34639EB}.Debug|x64.ActiveCfg = Debug|x64
		{169D17ED-EC14-425C-A4B8-FA76A34639EB}.Debug|x64.Build.0 = Debug|x64
		{169D17ED-EC14-425C-A4B8-FA76A34639EB}.Debug|x86.ActiveCfg = Debug|Win32
		{169D17ED-EC14-425C-A4B8-FA76A34639EB}.Debug|x86.Build.0 = Debug|Win32
		{169D17ED-EC14-425C-A4B8-FA76A34639EB}.Release|x64.ActiveCfg = Release|x64
		{169D17ED-EC14-425C-A4B8-FA76A34639EB}.Release|x64.Build.0 = Release|x64
		{169D17ED-EC14-425C-A4B8-FA76A34639EB}.Release|x86.ActiveCfg = Release|Win32
		{169D17ED-EC14-425C-A4B8-FA76A34639EB}.Release|x86.Build.0 = Release|Win32
	EndGlobalSection
	GlobalSection(SolutionProperties) = preSolution
		HideSolutionNode = FALSE
	EndGlobalSection
	GlobalSection(ExtensibilityGlobals) = postSolution
		SolutionGuid = {8253B7AD-EB76-437F-9C26-728A32E1311A}
	EndGlobalSection
EndGlobal
