
Microsoft Visual Studio Solution File, Format Version 12.00
# Visual Studio Version 16
VisualStudioVersion = 16.0.29905.134
MinimumVisualStudioVersion = 10.0.40219.1
Project("{8BC9CEB8-8B4A-11D0-8D11-00A0C91BC942}") = "Chapter15_3", "Chapter15_3.vcxproj", "{377F90A6-B2FD-4694-BFF6-6901F4B38FE2}"
EndProject
Global
	GlobalSection(SolutionConfigurationPlatforms) = preSolution
		Debug|x64 = Debug|x64
		Debug|x86 = Debug|x86
		Release|x64 = Release|x64
		Release|x86 = Release|x86
	EndGlobalSection
	GlobalSection(ProjectConfigurationPlatforms) = postSolution
		{377F90A6-B2FD-4694-BFF6-6901F4B38FE2}.Debug|x64.ActiveCfg = Debug|x64
		{377F90A6-B2FD-4694-BFF6-6901F4B38FE2}.Debug|x64.Build.0 = Debug|x64
		{377F90A6-B2FD-4694-BFF6-6901F4B38FE2}.Debug|x86.ActiveCfg = Debug|Win32
		{377F90A6-B2FD-4694-BFF6-6901F4B38FE2}.Debug|x86.Build.0 = Debug|Win32
		{377F90A6-B2FD-4694-BFF6-6901F4B38FE2}.Release|x64.ActiveCfg = Release|x64
		{377F90A6-B2FD-4694-BFF6-6901F4B38FE2}.Release|x64.Build.0 = Release|x64
		{377F90A6-B2FD-4694-BFF6-6901F4B38FE2}.Release|x86.ActiveCfg = Release|Win32
		{377F90A6-B2FD-4694-BFF6-6901F4B38FE2}.Release|x86.Build.0 = Release|Win32
	EndGlobalSection
	GlobalSection(SolutionProperties) = preSolution
		HideSolutionNode = FALSE
	EndGlobalSection
	GlobalSection(ExtensibilityGlobals) = postSolution
		SolutionGuid = {17CCD2B4-ED34-4111-9D8C-E0A922B9598F}
	EndGlobalSection
EndGlobal
