
Microsoft Visual Studio Solution File, Format Version 12.00
# Visual Studio Version 16
VisualStudioVersion = 16.0.29905.134
MinimumVisualStudioVersion = 10.0.40219.1
Project("{8BC9CEB8-8B4A-11D0-8D11-00A0C91BC942}") = "Chapter15_6", "Chapter15_6.vcxproj", "{0DF707F2-0275-4139-B8E3-973FBCF572F0}"
EndProject
Global
	GlobalSection(SolutionConfigurationPlatforms) = preSolution
		Debug|x64 = Debug|x64
		Debug|x86 = Debug|x86
		Release|x64 = Release|x64
		Release|x86 = Release|x86
	EndGlobalSection
	GlobalSection(ProjectConfigurationPlatforms) = postSolution
		{0DF707F2-0275-4139-B8E3-973FBCF572F0}.Debug|x64.ActiveCfg = Debug|x64
		{0DF707F2-0275-4139-B8E3-973FBCF572F0}.Debug|x64.Build.0 = Debug|x64
		{0DF707F2-0275-4139-B8E3-973FBCF572F0}.Debug|x86.ActiveCfg = Debug|Win32
		{0DF707F2-0275-4139-B8E3-973FBCF572F0}.Debug|x86.Build.0 = Debug|Win32
		{0DF707F2-0275-4139-B8E3-973FBCF572F0}.Release|x64.ActiveCfg = Release|x64
		{0DF707F2-0275-4139-B8E3-973FBCF572F0}.Release|x64.Build.0 = Release|x64
		{0DF707F2-0275-4139-B8E3-973FBCF572F0}.Release|x86.ActiveCfg = Release|Win32
		{0DF707F2-0275-4139-B8E3-973FBCF572F0}.Release|x86.Build.0 = Release|Win32
	EndGlobalSection
	GlobalSection(SolutionProperties) = preSolution
		HideSolutionNode = FALSE
	EndGlobalSection
	GlobalSection(ExtensibilityGlobals) = postSolution
		SolutionGuid = {C5EED72E-8B72-4003-B55E-D960BDA833AC}
	EndGlobalSection
EndGlobal
