
Microsoft Visual Studio Solution File, Format Version 12.00
# Visual Studio Version 16
VisualStudioVersion = 16.0.29905.134
MinimumVisualStudioVersion = 10.0.40219.1
Project("{8BC9CEB8-8B4A-11D0-8D11-00A0C91BC942}") = "Chapter8_10", "Chapter8_10.vcxproj", "{F437AF72-9411-4279-B007-CE1FAFED0EB8}"
EndProject
Global
	GlobalSection(SolutionConfigurationPlatforms) = preSolution
		Debug|x64 = Debug|x64
		Debug|x86 = Debug|x86
		Release|x64 = Release|x64
		Release|x86 = Release|x86
	EndGlobalSection
	GlobalSection(ProjectConfigurationPlatforms) = postSolution
		{F437AF72-9411-4279-B007-CE1FAFED0EB8}.Debug|x64.ActiveCfg = Debug|x64
		{F437AF72-9411-4279-B007-CE1FAFED0EB8}.Debug|x64.Build.0 = Debug|x64
		{F437AF72-9411-4279-B007-CE1FAFED0EB8}.Debug|x86.ActiveCfg = Debug|Win32
		{F437AF72-9411-4279-B007-CE1FAFED0EB8}.Debug|x86.Build.0 = Debug|Win32
		{F437AF72-9411-4279-B007-CE1FAFED0EB8}.Release|x64.ActiveCfg = Release|x64
		{F437AF72-9411-4279-B007-CE1FAFED0EB8}.Release|x64.Build.0 = Release|x64
		{F437AF72-9411-4279-B007-CE1FAFED0EB8}.Release|x86.ActiveCfg = Release|Win32
		{F437AF72-9411-4279-B007-CE1FAFED0EB8}.Release|x86.Build.0 = Release|Win32
	EndGlobalSection
	GlobalSection(SolutionProperties) = preSolution
		HideSolutionNode = FALSE
	EndGlobalSection
	GlobalSection(ExtensibilityGlobals) = postSolution
		SolutionGuid = {F6EDD9C6-68EA-41E3-A914-09B12A15AE39}
	EndGlobalSection
EndGlobal
