
Microsoft Visual Studio Solution File, Format Version 12.00
# Visual Studio Version 16
VisualStudioVersion = 16.0.30320.27
MinimumVisualStudioVersion = 10.0.40219.1
Project("{8BC9CEB8-8B4A-11D0-8D11-00A0C91BC942}") = "BS5", "BS5.vcxproj", "{AC4A00DF-BB16-4EED-9995-2702D551980B}"
EndProject
Global
	GlobalSection(SolutionConfigurationPlatforms) = preSolution
		Debug|x64 = Debug|x64
		Debug|x86 = Debug|x86
		Release|x64 = Release|x64
		Release|x86 = Release|x86
	EndGlobalSection
	GlobalSection(ProjectConfigurationPlatforms) = postSolution
		{AC4A00DF-BB16-4EED-9995-2702D551980B}.Debug|x64.ActiveCfg = Debug|x64
		{AC4A00DF-BB16-4EED-9995-2702D551980B}.Debug|x64.Build.0 = Debug|x64
		{AC4A00DF-BB16-4EED-9995-2702D551980B}.Debug|x86.ActiveCfg = Debug|Win32
		{AC4A00DF-BB16-4EED-9995-2702D551980B}.Debug|x86.Build.0 = Debug|Win32
		{AC4A00DF-BB16-4EED-9995-2702D551980B}.Release|x64.ActiveCfg = Release|x64
		{AC4A00DF-BB16-4EED-9995-2702D551980B}.Release|x64.Build.0 = Release|x64
		{AC4A00DF-BB16-4EED-9995-2702D551980B}.Release|x86.ActiveCfg = Release|Win32
		{AC4A00DF-BB16-4EED-9995-2702D551980B}.Release|x86.Build.0 = Release|Win32
	EndGlobalSection
	GlobalSection(SolutionProperties) = preSolution
		HideSolutionNode = FALSE
	EndGlobalSection
	GlobalSection(ExtensibilityGlobals) = postSolution
		SolutionGuid = {D8DD2881-7C0F-4ED4-8F4D-780DED382280}
	EndGlobalSection
EndGlobal
